
Microsoft Visual Studio Solution File, Format Version 12.00
# Visual Studio Version 17
VisualStudioVersion = 17.11.35327.3
MinimumVisualStudioVersion = 10.0.40219.1
Project("{FAE04EC0-301F-11D3-BF4B-00C04F79EFBC}") = "Assignment 5.2.3", "Assignment 5.2.3.csproj", "{B94C5C1A-6605-4FD4-B36B-06AD68A1DDC7}"
EndProject
Global
	GlobalSection(SolutionConfigurationPlatforms) = preSolution
		Debug|Any CPU = Debug|Any CPU
		Release|Any CPU = Release|Any CPU
	EndGlobalSection
	GlobalSection(ProjectConfigurationPlatforms) = postSolution
		{B94C5C1A-6605-4FD4-B36B-06AD68A1DDC7}.Debug|Any CPU.ActiveCfg = Debug|Any CPU
		{B94C5C1A-6605-4FD4-B36B-06AD68A1DDC7}.Debug|Any CPU.Build.0 = Debug|Any CPU
		{B94C5C1A-6605-4FD4-B36B-06AD68A1DDC7}.Release|Any CPU.ActiveCfg = Release|Any CPU
		{B94C5C1A-6605-4FD4-B36B-06AD68A1DDC7}.Release|Any CPU.Build.0 = Release|Any CPU
	EndGlobalSection
	GlobalSection(SolutionProperties) = preSolution
		HideSolutionNode = FALSE
	EndGlobalSection
	GlobalSection(ExtensibilityGlobals) = postSolution
		SolutionGuid = {A6258AD7-9D02-4290-B3A8-4EB20074C977}
	EndGlobalSection
EndGlobal
